
Microsoft Visual Studio Solution File, Format Version 12.00
# Visual Studio Version 17
VisualStudioVersion = 17.9.34622.214
MinimumVisualStudioVersion = 10.0.40219.1
Project("{FAE04EC0-301F-11D3-BF4B-00C04F79EFBC}") = "API", "API.csproj", "{3AEC4162-9076-4BE6-A4F1-7D3835D2A74F}"
EndProject
Global
	GlobalSection(SolutionConfigurationPlatforms) = preSolution
		Debug|Any CPU = Debug|Any CPU
		Release|Any CPU = Release|Any CPU
	EndGlobalSection
	GlobalSection(ProjectConfigurationPlatforms) = postSolution
		{3AEC4162-9076-4BE6-A4F1-7D3835D2A74F}.Debug|Any CPU.ActiveCfg = Debug|Any CPU
		{3AEC4162-9076-4BE6-A4F1-7D3835D2A74F}.Debug|Any CPU.Build.0 = Debug|Any CPU
		{3AEC4162-9076-4BE6-A4F1-7D3835D2A74F}.Release|Any CPU.ActiveCfg = Release|Any CPU
		{3AEC4162-9076-4BE6-A4F1-7D3835D2A74F}.Release|Any CPU.Build.0 = Release|Any CPU
	EndGlobalSection
	GlobalSection(SolutionProperties) = preSolution
		HideSolutionNode = FALSE
	EndGlobalSection
	GlobalSection(ExtensibilityGlobals) = postSolution
		SolutionGuid = {BF380BC5-1044-4DC6-AA3D-18C1EF2F34BF}
	EndGlobalSection
EndGlobal
